
Microsoft Visual Studio Solution File, Format Version 12.00
# Visual Studio 15
VisualStudioVersion = 15.0.26124.0
MinimumVisualStudioVersion = 15.0.26124.0
Project("{FAE04EC0-301F-11D3-BF4B-00C04F79EFBC}") = "SuperheroTesting", "SuperheroTesting\SuperheroTesting.csproj", "{37BFADA1-0E56-4434-9533-7598167FDE3F}"
EndProject
Project("{FAE04EC0-301F-11D3-BF4B-00C04F79EFBC}") = "SuperheroClient", "SuperheroClient\SuperheroClient.csproj", "{2B3064A7-57DE-4015-8AAA-7EDCFA571838}"
EndProject
Global
	GlobalSection(SolutionConfigurationPlatforms) = preSolution
		Debug|Any CPU = Debug|Any CPU
		Debug|x64 = Debug|x64
		Debug|x86 = Debug|x86
		Release|Any CPU = Release|Any CPU
		Release|x64 = Release|x64
		Release|x86 = Release|x86
	EndGlobalSection
	GlobalSection(SolutionProperties) = preSolution
		HideSolutionNode = FALSE
	EndGlobalSection
	GlobalSection(ProjectConfigurationPlatforms) = postSolution
		{37BFADA1-0E56-4434-9533-7598167FDE3F}.Debug|Any CPU.ActiveCfg = Debug|Any CPU
		{37BFADA1-0E56-4434-9533-7598167FDE3F}.Debug|Any CPU.Build.0 = Debug|Any CPU
		{37BFADA1-0E56-4434-9533-7598167FDE3F}.Debug|x64.ActiveCfg = Debug|Any CPU
		{37BFADA1-0E56-4434-9533-7598167FDE3F}.Debug|x64.Build.0 = Debug|Any CPU
		{37BFADA1-0E56-4434-9533-7598167FDE3F}.Debug|x86.ActiveCfg = Debug|Any CPU
		{37BFADA1-0E56-4434-9533-7598167FDE3F}.Debug|x86.Build.0 = Debug|Any CPU
		{37BFADA1-0E56-4434-9533-7598167FDE3F}.Release|Any CPU.ActiveCfg = Release|Any CPU
		{37BFADA1-0E56-4434-9533-7598167FDE3F}.Release|Any CPU.Build.0 = Release|Any CPU
		{37BFADA1-0E56-4434-9533-7598167FDE3F}.Release|x64.ActiveCfg = Release|Any CPU
		{37BFADA1-0E56-4434-9533-7598167FDE3F}.Release|x64.Build.0 = Release|Any CPU
		{37BFADA1-0E56-4434-9533-7598167FDE3F}.Release|x86.ActiveCfg = Release|Any CPU
		{37BFADA1-0E56-4434-9533-7598167FDE3F}.Release|x86.Build.0 = Release|Any CPU
		{2B3064A7-57DE-4015-8AAA-7EDCFA571838}.Debug|Any CPU.ActiveCfg = Debug|Any CPU
		{2B3064A7-57DE-4015-8AAA-7EDCFA571838}.Debug|Any CPU.Build.0 = Debug|Any CPU
		{2B3064A7-57DE-4015-8AAA-7EDCFA571838}.Debug|x64.ActiveCfg = Debug|Any CPU
		{2B3064A7-57DE-4015-8AAA-7EDCFA571838}.Debug|x64.Build.0 = Debug|Any CPU
		{2B3064A7-57DE-4015-8AAA-7EDCFA571838}.Debug|x86.ActiveCfg = Debug|Any CPU
		{2B3064A7-57DE-4015-8AAA-7EDCFA571838}.Debug|x86.Build.0 = Debug|Any CPU
		{2B3064A7-57DE-4015-8AAA-7EDCFA571838}.Release|Any CPU.ActiveCfg = Release|Any CPU
		{2B3064A7-57DE-4015-8AAA-7EDCFA571838}.Release|Any CPU.Build.0 = Release|Any CPU
		{2B3064A7-57DE-4015-8AAA-7EDCFA571838}.Release|x64.ActiveCfg = Release|Any CPU
		{2B3064A7-57DE-4015-8AAA-7EDCFA571838}.Release|x64.Build.0 = Release|Any CPU
		{2B3064A7-57DE-4015-8AAA-7EDCFA571838}.Release|x86.ActiveCfg = Release|Any CPU
		{2B3064A7-57DE-4015-8AAA-7EDCFA571838}.Release|x86.Build.0 = Release|Any CPU
	EndGlobalSection
EndGlobal
